
Microsoft Visual Studio Solution File, Format Version 12.00
# Visual Studio Version 17
VisualStudioVersion = 17.4.33205.214
MinimumVisualStudioVersion = 10.0.40219.1
Project("{FAE04EC0-301F-11D3-BF4B-00C04F79EFBC}") = "LeaveManagementSystem.WebAPI", "LeaveManagementSystem.WebAPI\LeaveManagementSystem.WebAPI.csproj", "{62BCDB34-07E3-48F1-BCE6-597DFDEF70E9}"
EndProject
Project("{FAE04EC0-301F-11D3-BF4B-00C04F79EFBC}") = "LeaveManagementSystem.Core", "LeaveManagementSystem.Core\LeaveManagementSystem.Core.csproj", "{712253FE-D286-45CB-8540-6F01CAD49618}"
EndProject
Project("{FAE04EC0-301F-11D3-BF4B-00C04F79EFBC}") = "LeaveManagementSystem.Infrastructure", "LeaveManagementSystem.Infrastructure\LeaveManagementSystem.Infrastructure.csproj", "{2C8C1435-ADBA-4B3D-942A-4C6A036CAAAE}"
EndProject
Global
	GlobalSection(SolutionConfigurationPlatforms) = preSolution
		Debug|Any CPU = Debug|Any CPU
		Release|Any CPU = Release|Any CPU
	EndGlobalSection
	GlobalSection(ProjectConfigurationPlatforms) = postSolution
		{62BCDB34-07E3-48F1-BCE6-597DFDEF70E9}.Debug|Any CPU.ActiveCfg = Debug|Any CPU
		{62BCDB34-07E3-48F1-BCE6-597DFDEF70E9}.Debug|Any CPU.Build.0 = Debug|Any CPU
		{62BCDB34-07E3-48F1-BCE6-597DFDEF70E9}.Release|Any CPU.ActiveCfg = Release|Any CPU
		{62BCDB34-07E3-48F1-BCE6-597DFDEF70E9}.Release|Any CPU.Build.0 = Release|Any CPU
		{712253FE-D286-45CB-8540-6F01CAD49618}.Debug|Any CPU.ActiveCfg = Debug|Any CPU
		{712253FE-D286-45CB-8540-6F01CAD49618}.Debug|Any CPU.Build.0 = Debug|Any CPU
		{712253FE-D286-45CB-8540-6F01CAD49618}.Release|Any CPU.ActiveCfg = Release|Any CPU
		{712253FE-D286-45CB-8540-6F01CAD49618}.Release|Any CPU.Build.0 = Release|Any CPU
		{2C8C1435-ADBA-4B3D-942A-4C6A036CAAAE}.Debug|Any CPU.ActiveCfg = Debug|Any CPU
		{2C8C1435-ADBA-4B3D-942A-4C6A036CAAAE}.Debug|Any CPU.Build.0 = Debug|Any CPU
		{2C8C1435-ADBA-4B3D-942A-4C6A036CAAAE}.Release|Any CPU.ActiveCfg = Release|Any CPU
		{2C8C1435-ADBA-4B3D-942A-4C6A036CAAAE}.Release|Any CPU.Build.0 = Release|Any CPU
	EndGlobalSection
	GlobalSection(SolutionProperties) = preSolution
		HideSolutionNode = FALSE
	EndGlobalSection
	GlobalSection(ExtensibilityGlobals) = postSolution
		SolutionGuid = {3BE2C97F-053F-43D1-A276-8FDEBFA367CD}
	EndGlobalSection
EndGlobal
